
Microsoft Visual Studio Solution File, Format Version 12.00
# Visual Studio 15
VisualStudioVersion = 15.0.28010.2016
MinimumVisualStudioVersion = 10.0.40219.1
Project("{9A19103F-16F7-4668-BE54-9A1E7A4F7556}") = "Blog.Api", "Blog.Api\Blog.Api.csproj", "{AA821362-19DD-4E68-9DF0-341061CED461}"
EndProject
Project("{9A19103F-16F7-4668-BE54-9A1E7A4F7556}") = "Blog.Data", "Blog.Data\Blog.Data.csproj", "{0E266B8F-703A-4DD5-8228-E0A358553EBA}"
EndProject
Project("{9A19103F-16F7-4668-BE54-9A1E7A4F7556}") = "Blog.Common", "Blog.Common\Blog.Common.csproj", "{D080A71B-2EEC-4FA5-BE8C-B63B0CCED27D}"
EndProject
Project("{FAE04EC0-301F-11D3-BF4B-00C04F79EFBC}") = "Blog.Client", "Blog.Client\Blog.Client.csproj", "{A2F82C07-F3A3-4E8D-A8B7-007A10DAD154}"
EndProject
Global
	GlobalSection(SolutionConfigurationPlatforms) = preSolution
		Debug|Any CPU = Debug|Any CPU
		Release|Any CPU = Release|Any CPU
	EndGlobalSection
	GlobalSection(ProjectConfigurationPlatforms) = postSolution
		{AA821362-19DD-4E68-9DF0-341061CED461}.Debug|Any CPU.ActiveCfg = Debug|Any CPU
		{AA821362-19DD-4E68-9DF0-341061CED461}.Debug|Any CPU.Build.0 = Debug|Any CPU
		{AA821362-19DD-4E68-9DF0-341061CED461}.Release|Any CPU.ActiveCfg = Release|Any CPU
		{AA821362-19DD-4E68-9DF0-341061CED461}.Release|Any CPU.Build.0 = Release|Any CPU
		{0E266B8F-703A-4DD5-8228-E0A358553EBA}.Debug|Any CPU.ActiveCfg = Debug|Any CPU
		{0E266B8F-703A-4DD5-8228-E0A358553EBA}.Debug|Any CPU.Build.0 = Debug|Any CPU
		{0E266B8F-703A-4DD5-8228-E0A358553EBA}.Release|Any CPU.ActiveCfg = Release|Any CPU
		{0E266B8F-703A-4DD5-8228-E0A358553EBA}.Release|Any CPU.Build.0 = Release|Any CPU
		{D080A71B-2EEC-4FA5-BE8C-B63B0CCED27D}.Debug|Any CPU.ActiveCfg = Debug|Any CPU
		{D080A71B-2EEC-4FA5-BE8C-B63B0CCED27D}.Debug|Any CPU.Build.0 = Debug|Any CPU
		{D080A71B-2EEC-4FA5-BE8C-B63B0CCED27D}.Release|Any CPU.ActiveCfg = Release|Any CPU
		{D080A71B-2EEC-4FA5-BE8C-B63B0CCED27D}.Release|Any CPU.Build.0 = Release|Any CPU
		{A2F82C07-F3A3-4E8D-A8B7-007A10DAD154}.Debug|Any CPU.ActiveCfg = Debug|Any CPU
		{A2F82C07-F3A3-4E8D-A8B7-007A10DAD154}.Debug|Any CPU.Build.0 = Debug|Any CPU
		{A2F82C07-F3A3-4E8D-A8B7-007A10DAD154}.Release|Any CPU.ActiveCfg = Release|Any CPU
		{A2F82C07-F3A3-4E8D-A8B7-007A10DAD154}.Release|Any CPU.Build.0 = Release|Any CPU
	EndGlobalSection
	GlobalSection(SolutionProperties) = preSolution
		HideSolutionNode = FALSE
	EndGlobalSection
	GlobalSection(ExtensibilityGlobals) = postSolution
		SolutionGuid = {9A8BDC16-D855-4C93-979B-36E0EA1BF283}
	EndGlobalSection
EndGlobal
